{
  "name": "awesome-prompts",
  "version": "1.0.0",
  "lockfileVersion": 2,
  "dependencies": {
    "fuse.js": {
      "version": "6.6.2",
      "resolved": "https://registry.npmjs.org/fuse.js/-/fuse.js-6.6.2.tgz",
      "integrity": "sha512-R23wJ1xh36dfw7BhvCvkw0IHZmA0NlZBYt9bB7kR3Txh4yPDR6o75Og5MfcVgSa0J39zKFn71kvM8nJZgE9nR9A=="
    },
    "gray-matter": {
      "version": "4.0.3",
      "resolved": "https://registry.npmjs.org/gray-matter/-/gray-matter-4.0.3.tgz",
      "integrity": "sha512-9YvPCmrVeX6lMO69sb4GxMLQ3MofYg5c8KKt4l72ocgNdu5vJzvMN8FCrX9q7q4yMGs5V+Xj+tyfLOeN4HAnWQ=="
    },
    "next": {
      "version": "14.3.0",
      "resolved": "https://registry.npmjs.org/next/-/next-14.3.0.tgz",
      "integrity": "sha512-Hf++5U5GrVsP2MjSA6XEdEx0jCqa5jwIbxjMjptcebfE4np0y9bI45uXXGcEC8KHMTnLs6Kb1d2a4+q2g+jufg=="
    },
    "next-mdx-remote": {
      "version": "4.2.0",
      "resolved": "https://registry.npmjs.org/next-mdx-remote/-/next-mdx-remote-4.2.0.tgz",
      "integrity": "sha512-8E7sHmUwbNn5AnukFSJ9Zgg+WQdV1kxGzKTlsPvPAcifU5Mb5m1XrxVhuVR1OXs8MfGvlm89pPBtHqzpd70izw=="
    },
    "react": {
      "version": "18.2.0",
      "resolved": "https://registry.npmjs.org/react/-/react-18.2.0.tgz",
      "integrity": "sha512-2RIp9ep3pZvG7nUsmVSMyxFiwSjt3MiVzWiOB0hK9DwzYX03azN0KjzFz5ZYoAReKlDgTf+7k4DDwHstpglJ2w=="
    },
    "react-dom": {
      "version": "18.2.0",
      "resolved": "https://registry.npmjs.org/react-dom/-/react-dom-18.2.0.tgz",
      "integrity": "sha512-Gk96eAYQXMty6w5Spsb9a9vHHtB9+gs7lQsV4v4kkKmzOGp2y06tqY5pMi/ZhVhwlZZUjwAyhD7TovoxU3v6Ow=="
    },
    "remark-gfm": {
      "version": "3.0.1",
      "resolved": "https://registry.npmjs.org/remark-gfm/-/remark-gfm-3.0.1.tgz",
      "integrity": "sha512-CwZ9RmFspXWyF30rLfKgYioHbNrAWhqZ7l/yE+eub67UwMlPfwD2l+aSkXREO9VfLOACcmMzHvvPl9Iz90Z27Q=="
    }
  }
}